// !$*UTF8*$!
{
	archiveVersion = 1;
	classes = {
	};
	objectVersion = 56;
	objects = {

/* Begin PBXBuildFile section */
		B5C2F1062DE16DDE00866644 /* AppDelegate.swift in Sources */ = {isa = PBXBuildFile; fileRef = B5C2F1052DE16DDE00866644 /* AppDelegate.swift */; };
		B5C2F1082DE16DDE00866644 /* SceneDelegate.swift in Sources */ = {isa = PBXBuildFile; fileRef = B5C2F1072DE16DDE00866644 /* SceneDelegate.swift */; };
		B5C2F10A2DE16DDE00866644 /* ViewController.swift in Sources */ = {isa = PBXBuildFile; fileRef = B5C2F1092DE16DDE00866644 /* ViewController.swift */; };
		B5C2F10D2DE16DDE00866644 /* Main.storyboard in Resources */ = {isa = PBXBuildFile; fileRef = B5C2F10B2DE16DDE00866644 /* Main.storyboard */; };
		B5C2F10F2DE16DE200866644 /* Assets.xcassets in Resources */ = {isa = PBXBuildFile; fileRef = B5C2F10E2DE16DE200866644 /* Assets.xcassets */; };
		B5C2F1122DE16DE200866644 /* LaunchScreen.storyboard in Resources */ = {isa = PBXBuildFile; fileRef = B5C2F1102DE16DE200866644 /* LaunchScreen.storyboard */; };
		B5C2F11D2DE16DE300866644 /* BMICaculatorTests.swift in Sources */ = {isa = PBXBuildFile; fileRef = B5C2F11C2DE16DE300866644 /* BMICaculatorTests.swift */; };
		B5C2F1272DE16DE300866644 /* BMICaculatorUITests.swift in Sources */ = {isa = PBXBuildFile; fileRef = B5C2F1262DE16DE300866644 /* BMICaculatorUITests.swift */; };
		B5C2F1292DE16DE300866644 /* BMICaculatorUITestsLaunchTests.swift in Sources */ = {isa = PBXBuildFile; fileRef = B5C2F1282DE16DE300866644 /* BMICaculatorUITestsLaunchTests.swift */; };
		B5C5D8952E35025900AF06F3 /* extension.swift in Sources */ = {isa = PBXBuildFile; fileRef = B5C5D8942E35025900AF06F3 /* extension.swift */; };
/* End PBXBuildFile section */

/* Begin PBXContainerItemProxy section */
		B5C2F1192DE16DE300866644 /* PBXContainerItemProxy */ = {
			isa = PBXContainerItemProxy;
			containerPortal = B5C2F0FA2DE16DDD00866644 /* Project object */;
			proxyType = 1;
			remoteGlobalIDString = B5C2F1012DE16DDE00866644;
			remoteInfo = BMICaculator;
		};
		B5C2F1232DE16DE300866644 /* PBXContainerItemProxy */ = {
			isa = PBXContainerItemProxy;
			containerPortal = B5C2F0FA2DE16DDD00866644 /* Project object */;
			proxyType = 1;
			remoteGlobalIDString = B5C2F1012DE16DDE00866644;
			remoteInfo = BMICaculator;
		};
/* End PBXContainerItemProxy section */

/* Begin PBXFileReference section */
		B5C2F1022DE16DDE00866644 /* BMICaculator.app */ = {isa = PBXFileReference; explicitFileType = wrapper.application; includeInIndex = 0; path = BMICaculator.app; sourceTree = BUILT_PRODUCTS_DIR; };
		B5C2F1052DE16DDE00866644 /* AppDelegate.swift */ = {isa = PBXFileReference; lastKnownFileType = sourcecode.swift; path = AppDelegate.swift; sourceTree = "<group>"; };
		B5C2F1072DE16DDE00866644 /* SceneDelegate.swift */ = {isa = PBXFileReference; lastKnownFileType = sourcecode.swift; path = SceneDelegate.swift; sourceTree = "<group>"; };
		B5C2F1092DE16DDE00866644 /* ViewController.swift */ = {isa = PBXFileReference; lastKnownFileType = sourcecode.swift; path = ViewController.swift; sourceTree = "<group>"; };
		B5C2F10C2DE16DDE00866644 /* Base */ = {isa = PBXFileReference; lastKnownFileType = file.storyboard; name = Base; path = Base.lproj/Main.storyboard; sourceTree = "<group>"; };
		B5C2F10E2DE16DE200866644 /* Assets.xcassets */ = {isa = PBXFileReference; lastKnownFileType = folder.assetcatalog; path = Assets.xcassets; sourceTree = "<group>"; };
		B5C2F1112DE16DE200866644 /* Base */ = {isa = PBXFileReference; lastKnownFileType = file.storyboard; name = Base; path = Base.lproj/LaunchScreen.storyboard; sourceTree = "<group>"; };
		B5C2F1132DE16DE200866644 /* Info.plist */ = {isa = PBXFileReference; lastKnownFileType = text.plist.xml; path = Info.plist; sourceTree = "<group>"; };
		B5C2F1182DE16DE300866644 /* BMICaculatorTests.xctest */ = {isa = PBXFileReference; explicitFileType = wrapper.cfbundle; includeInIndex = 0; path = BMICaculatorTests.xctest; sourceTree = BUILT_PRODUCTS_DIR; };
		B5C2F11C2DE16DE300866644 /* BMICaculatorTests.swift */ = {isa = PBXFileReference; lastKnownFileType = sourcecode.swift; path = BMICaculatorTests.swift; sourceTree = "<group>"; };
		B5C2F1222DE16DE300866644 /* BMICaculatorUITests.xctest */ = {isa = PBXFileReference; explicitFileType = wrapper.cfbundle; includeInIndex = 0; path = BMICaculatorUITests.xctest; sourceTree = BUILT_PRODUCTS_DIR; };
		B5C2F1262DE16DE300866644 /* BMICaculatorUITests.swift */ = {isa = PBXFileReference; lastKnownFileType = sourcecode.swift; path = BMICaculatorUITests.swift; sourceTree = "<group>"; };
		B5C2F1282DE16DE300866644 /* BMICaculatorUITestsLaunchTests.swift */ = {isa = PBXFileReference; lastKnownFileType = sourcecode.swift; path = BMICaculatorUITestsLaunchTests.swift; sourceTree = "<group>"; };
		B5C5D8942E35025900AF06F3 /* extension.swift */ = {isa = PBXFileReference; lastKnownFileType = sourcecode.swift; path = extension.swift; sourceTree = "<group>"; };
/* End PBXFileReference section */

/* Begin PBXFrameworksBuildPhase section */
		B5C2F0FF2DE16DDE00866644 /* Frameworks */ = {
			isa = PBXFrameworksBuildPhase;
			buildActionMask = 2147483647;
			files = (
			);
			runOnlyForDeploymentPostprocessing = 0;
		};
		B5C2F1152DE16DE300866644 /* Frameworks */ = {
			isa = PBXFrameworksBuildPhase;
			buildActionMask = 2147483647;
			files = (
			);
			runOnlyForDeploymentPostprocessing = 0;
		};
		B5C2F11F2DE16DE300866644 /* Frameworks */ = {
			isa = PBXFrameworksBuildPhase;
			buildActionMask = 2147483647;
			files = (
			);
			runOnlyForDeploymentPostprocessing = 0;
		};
/* End PBXFrameworksBuildPhase section */

/* Begin PBXGroup section */
		B5C2F0F92DE16DDD00866644 = {
			isa = PBXGroup;
			children = (
				B5C2F1042DE16DDE00866644 /* BMICaculator */,
				B5C2F11B2DE16DE300866644 /* BMICaculatorTests */,
				B5C2F1252DE16DE300866644 /* BMICaculatorUITests */,
				B5C2F1032DE16DDE00866644 /* Products */,
			);
			sourceTree = "<group>";
		};
		B5C2F1032DE16DDE00866644 /* Products */ = {
			isa = PBXGroup;
			children = (
				B5C2F1022DE16DDE00866644 /* BMICaculator.app */,
				B5C2F1182DE16DE300866644 /* BMICaculatorTests.xctest */,
				B5C2F1222DE16DE300866644 /* BMICaculatorUITests.xctest */,
			);
			name = Products;
			sourceTree = "<group>";
		};
		B5C2F1042DE16DDE00866644 /* BMICaculator */ = {
			isa = PBXGroup;
			children = (
				B5C2F1052DE16DDE00866644 /* AppDelegate.swift */,
				B5C2F1072DE16DDE00866644 /* SceneDelegate.swift */,
				B5C2F1092DE16DDE00866644 /* ViewController.swift */,
				B5C2F10B2DE16DDE00866644 /* Main.storyboard */,
				B5C2F10E2DE16DE200866644 /* Assets.xcassets */,
				B5C2F1102DE16DE200866644 /* LaunchScreen.storyboard */,
				B5C2F1132DE16DE200866644 /* Info.plist */,
				B5C5D8942E35025900AF06F3 /* extension.swift */,
			);
			path = BMICaculator;
			sourceTree = "<group>";
		};
		B5C2F11B2DE16DE300866644 /* BMICaculatorTests */ = {
			isa = PBXGroup;
			children = (
				B5C2F11C2DE16DE300866644 /* BMICaculatorTests.swift */,
			);
			path = BMICaculatorTests;
			sourceTree = "<group>";
		};
		B5C2F1252DE16DE300866644 /* BMICaculatorUITests */ = {
			isa = PBXGroup;
			children = (
				B5C2F1262DE16DE300866644 /* BMICaculatorUITests.swift */,
				B5C2F1282DE16DE300866644 /* BMICaculatorUITestsLaunchTests.swift */,
			);
			path = BMICaculatorUITests;
			sourceTree = "<group>";
		};
/* End PBXGroup section */

/* Begin PBXNativeTarget section */
		B5C2F1012DE16DDE00866644 /* BMICaculator */ = {
			isa = PBXNativeTarget;
			buildConfigurationList = B5C2F12C2DE16DE300866644 /* Build configuration list for PBXNativeTarget "BMICaculator" */;
			buildPhases = (
				B5C2F0FE2DE16DDE00866644 /* Sources */,
				B5C2F0FF2DE16DDE00866644 /* Frameworks */,
				B5C2F1002DE16DDE00866644 /* Resources */,
			);
			buildRules = (
			);
			dependencies = (
			);
			name = BMICaculator;
			productName = BMICaculator;
			productReference = B5C2F1022DE16DDE00866644 /* BMICaculator.app */;
			productType = "com.apple.product-type.application";
		};
		B5C2F1172DE16DE300866644 /* BMICaculatorTests */ = {
			isa = PBXNativeTarget;
			buildConfigurationList = B5C2F12F2DE16DE300866644 /* Build configuration list for PBXNativeTarget "BMICaculatorTests" */;
			buildPhases = (
				B5C2F1142DE16DE300866644 /* Sources */,
				B5C2F1152DE16DE300866644 /* Frameworks */,
				B5C2F1162DE16DE300866644 /* Resources */,
			);
			buildRules = (
			);
			dependencies = (
				B5C2F11A2DE16DE300866644 /* PBXTargetDependency */,
			);
			name = BMICaculatorTests;
			productName = BMICaculatorTests;
			productReference = B5C2F1182DE16DE300866644 /* BMICaculatorTests.xctest */;
			productType = "com.apple.product-type.bundle.unit-test";
		};
		B5C2F1212DE16DE300866644 /* BMICaculatorUITests */ = {
			isa = PBXNativeTarget;
			buildConfigurationList = B5C2F1322DE16DE300866644 /* Build configuration list for PBXNativeTarget "BMICaculatorUITests" */;
			buildPhases = (
				B5C2F11E2DE16DE300866644 /* Sources */,
				B5C2F11F2DE16DE300866644 /* Frameworks */,
				B5C2F1202DE16DE300866644 /* Resources */,
			);
			buildRules = (
			);
			dependencies = (
				B5C2F1242DE16DE300866644 /* PBXTargetDependency */,
			);
			name = BMICaculatorUITests;
			productName = BMICaculatorUITests;
			productReference = B5C2F1222DE16DE300866644 /* BMICaculatorUITests.xctest */;
			productType = "com.apple.product-type.bundle.ui-testing";
		};
/* End PBXNativeTarget section */

/* Begin PBXProject section */
		B5C2F0FA2DE16DDD00866644 /* Project object */ = {
			isa = PBXProject;
			attributes = {
				BuildIndependentTargetsInParallel = 1;
				LastSwiftUpdateCheck = 1420;
				LastUpgradeCheck = 1420;
				TargetAttributes = {
					B5C2F1012DE16DDE00866644 = {
						CreatedOnToolsVersion = 14.2;
					};
					B5C2F1172DE16DE300866644 = {
						CreatedOnToolsVersion = 14.2;
						TestTargetID = B5C2F1012DE16DDE00866644;
					};
					B5C2F1212DE16DE300866644 = {
						CreatedOnToolsVersion = 14.2;
						TestTargetID = B5C2F1012DE16DDE00866644;
					};
				};
			};
			buildConfigurationList = B5C2F0FD2DE16DDD00866644 /* Build configuration list for PBXProject "BMICaculator" */;
			compatibilityVersion = "Xcode 14.0";
			developmentRegion = en;
			hasScannedForEncodings = 0;
			knownRegions = (
				en,
				Base,
			);
			mainGroup = B5C2F0F92DE16DDD00866644;
			productRefGroup = B5C2F1032DE16DDE00866644 /* Products */;
			projectDirPath = "";
			projectRoot = "";
			targets = (
				B5C2F1012DE16DDE00866644 /* BMICaculator */,
				B5C2F1172DE16DE300866644 /* BMICaculatorTests */,
				B5C2F1212DE16DE300866644 /* BMICaculatorUITests */,
			);
		};
/* End PBXProject section */

/* Begin PBXResourcesBuildPhase section */
		B5C2F1002DE16DDE00866644 /* Resources */ = {
			isa = PBXResourcesBuildPhase;
			buildActionMask = 2147483647;
			files = (
				B5C2F1122DE16DE200866644 /* LaunchScreen.storyboard in Resources */,
				B5C2F10F2DE16DE200866644 /* Assets.xcassets in Resources */,
				B5C2F10D2DE16DDE00866644 /* Main.storyboard in Resources */,
			);
			runOnlyForDeploymentPostprocessing = 0;
		};
		B5C2F1162DE16DE300866644 /* Resources */ = {
			isa = PBXResourcesBuildPhase;
			buildActionMask = 2147483647;
			files = (
			);
			runOnlyForDeploymentPostprocessing = 0;
		};
		B5C2F1202DE16DE300866644 /* Resources */ = {
			isa = PBXResourcesBuildPhase;
			buildActionMask = 2147483647;
			files = (
			);
			runOnlyForDeploymentPostprocessing = 0;
		};
/* End PBXResourcesBuildPhase section */

/* Begin PBXSourcesBuildPhase section */
		B5C2F0FE2DE16DDE00866644 /* Sources */ = {
			isa = PBXSourcesBuildPhase;
			buildActionMask = 2147483647;
			files = (
				B5C2F10A2DE16DDE00866644 /* ViewController.swift in Sources */,
				B5C2F1062DE16DDE00866644 /* AppDelegate.swift in Sources */,
				B5C2F1082DE16DDE00866644 /* SceneDelegate.swift in Sources */,
				B5C5D8952E35025900AF06F3 /* extension.swift in Sources */,
			);
			runOnlyForDeploymentPostprocessing = 0;
		};
		B5C2F1142DE16DE300866644 /* Sources */ = {
			isa = PBXSourcesBuildPhase;
			buildActionMask = 2147483647;
			files = (
				B5C2F11D2DE16DE300866644 /* BMICaculatorTests.swift in Sources */,
			);
			runOnlyForDeploymentPostprocessing = 0;
		};
		B5C2F11E2DE16DE300866644 /* Sources */ = {
			isa = PBXSourcesBuildPhase;
			buildActionMask = 2147483647;
			files = (
				B5C2F1292DE16DE300866644 /* BMICaculatorUITestsLaunchTests.swift in Sources */,
				B5C2F1272DE16DE300866644 /* BMICaculatorUITests.swift in Sources */,
			);
			runOnlyForDeploymentPostprocessing = 0;
		};
/* End PBXSourcesBuildPhase section */

/* Begin PBXTargetDependency section */
		B5C2F11A2DE16DE300866644 /* PBXTargetDependency */ = {
			isa = PBXTargetDependency;
			target = B5C2F1012DE16DDE00866644 /* BMICaculator */;
			targetProxy = B5C2F1192DE16DE300866644 /* PBXContainerItemProxy */;
		};
		B5C2F1242DE16DE300866644 /* PBXTargetDependency */ = {
			isa = PBXTargetDependency;
			target = B5C2F1012DE16DDE00866644 /* BMICaculator */;
			targetProxy = B5C2F1232DE16DE300866644 /* PBXContainerItemProxy */;
		};
/* End PBXTargetDependency section */

/* Begin PBXVariantGroup section */
		B5C2F10B2DE16DDE00866644 /* Main.storyboard */ = {
			isa = PBXVariantGroup;
			children = (
				B5C2F10C2DE16DDE00866644 /* Base */,
			);
			name = Main.storyboard;
			sourceTree = "<group>";
		};
		B5C2F1102DE16DE200866644 /* LaunchScreen.storyboard */ = {
			isa = PBXVariantGroup;
			children = (
				B5C2F1112DE16DE200866644 /* Base */,
			);
			name = LaunchScreen.storyboard;
			sourceTree = "<group>";
		};
/* End PBXVariantGroup section */

/* Begin XCBuildConfiguration section */
		B5C2F12A2DE16DE300866644 /* Debug */ = {
			isa = XCBuildConfiguration;
			buildSettings = {
				ALWAYS_SEARCH_USER_PATHS = NO;
				CLANG_ANALYZER_NONNULL = YES;
				CLANG_ANALYZER_NUMBER_OBJECT_CONVERSION = YES_AGGRESSIVE;
				CLANG_CXX_LANGUAGE_STANDARD = "gnu++20";
				CLANG_ENABLE_MODULES = YES;
				CLANG_ENABLE_OBJC_ARC = YES;
				CLANG_ENABLE_OBJC_WEAK = YES;
				CLANG_WARN_BLOCK_CAPTURE_AUTORELEASING = YES;
				CLANG_WARN_BOOL_CONVERSION = YES;
				CLANG_WARN_COMMA = YES;
				CLANG_WARN_CONSTANT_CONVERSION = YES;
				CLANG_WARN_DEPRECATED_OBJC_IMPLEMENTATIONS = YES;
				CLANG_WARN_DIRECT_OBJC_ISA_USAGE = YES_ERROR;
				CLANG_WARN_DOCUMENTATION_COMMENTS = YES;
				CLANG_WARN_EMPTY_BODY = YES;
				CLANG_WARN_ENUM_CONVERSION = YES;
				CLANG_WARN_INFINITE_RECURSION = YES;
				CLANG_WARN_INT_CONVERSION = YES;
				CLANG_WARN_NON_LITERAL_NULL_CONVERSION = YES;
				CLANG_WARN_OBJC_IMPLICIT_RETAIN_SELF = YES;
				CLANG_WARN_OBJC_LITERAL_CONVERSION = YES;
				CLANG_WARN_OBJC_ROOT_CLASS = YES_ERROR;
				CLANG_WARN_QUOTED_INCLUDE_IN_FRAMEWORK_HEADER = YES;
				CLANG_WARN_RANGE_LOOP_ANALYSIS = YES;
				CLANG_WARN_STRICT_PROTOTYPES = YES;
				CLANG_WARN_SUSPICIOUS_MOVE = YES;
				CLANG_WARN_UNGUARDED_AVAILABILITY = YES_AGGRESSIVE;
				CLANG_WARN_UNREACHABLE_CODE = YES;
				CLANG_WARN__DUPLICATE_METHOD_MATCH = YES;
				COPY_PHASE_STRIP = NO;
				DEBUG_INFORMATION_FORMAT = dwarf;
				ENABLE_STRICT_OBJC_MSGSEND = YES;
				ENABLE_TESTABILITY = YES;
				GCC_C_LANGUAGE_STANDARD = gnu11;
				GCC_DYNAMIC_NO_PIC = NO;
				GCC_NO_COMMON_BLOCKS = YES;
				GCC_OPTIMIZATION_LEVEL = 0;
				GCC_PREPROCESSOR_DEFINITIONS = (
					"DEBUG=1",
					"$(inherited)",
				);
				GCC_WARN_64_TO_32_BIT_CONVERSION = YES;
				GCC_WARN_ABOUT_RETURN_TYPE = YES_ERROR;
				GCC_WARN_UNDECLARED_SELECTOR = YES;
				GCC_WARN_UNINITIALIZED_AUTOS = YES_AGGRESSIVE;
				GCC_WARN_UNUSED_FUNCTION = YES;
				GCC_WARN_UNUSED_VARIABLE = YES;
				IPHONEOS_DEPLOYMENT_TARGET = 16.2;
				MTL_ENABLE_DEBUG_INFO = INCLUDE_SOURCE;
				MTL_FAST_MATH = YES;
				ONLY_ACTIVE_ARCH = YES;
				SDKROOT = iphoneos;
				SWIFT_ACTIVE_COMPILATION_CONDITIONS = DEBUG;
				SWIFT_OPTIMIZATION_LEVEL = "-Onone";
			};
			name = Debug;
		};
		B5C2F12B2DE16DE300866644 /* Release */ = {
			isa = XCBuildConfiguration;
			buildSettings = {
				ALWAYS_SEARCH_USER_PATHS = NO;
				CLANG_ANALYZER_NONNULL = YES;
				CLANG_ANALYZER_NUMBER_OBJECT_CONVERSION = YES_AGGRESSIVE;
				CLANG_CXX_LANGUAGE_STANDARD = "gnu++20";
				CLANG_ENABLE_MODULES = YES;
				CLANG_ENABLE_OBJC_ARC = YES;
				CLANG_ENABLE_OBJC_WEAK = YES;
				CLANG_WARN_BLOCK_CAPTURE_AUTORELEASING = YES;
				CLANG_WARN_BOOL_CONVERSION = YES;
				CLANG_WARN_COMMA = YES;
				CLANG_WARN_CONSTANT_CONVERSION = YES;
				CLANG_WARN_DEPRECATED_OBJC_IMPLEMENTATIONS = YES;
				CLANG_WARN_DIRECT_OBJC_ISA_USAGE = YES_ERROR;
				CLANG_WARN_DOCUMENTATION_COMMENTS = YES;
				CLANG_WARN_EMPTY_BODY = YES;
				CLANG_WARN_ENUM_CONVERSION = YES;
				CLANG_WARN_INFINITE_RECURSION = YES;
				CLANG_WARN_INT_CONVERSION = YES;
				CLANG_WARN_NON_LITERAL_NULL_CONVERSION = YES;
				CLANG_WARN_OBJC_IMPLICIT_RETAIN_SELF = YES;
				CLANG_WARN_OBJC_LITERAL_CONVERSION = YES;
				CLANG_WARN_OBJC_ROOT_CLASS = YES_ERROR;
				CLANG_WARN_QUOTED_INCLUDE_IN_FRAMEWORK_HEADER = YES;
				CLANG_WARN_RANGE_LOOP_ANALYSIS = YES;
				CLANG_WARN_STRICT_PROTOTYPES = YES;
				CLANG_WARN_SUSPICIOUS_MOVE = YES;
				CLANG_WARN_UNGUARDED_AVAILABILITY = YES_AGGRESSIVE;
				CLANG_WARN_UNREACHABLE_CODE = YES;
				CLANG_WARN__DUPLICATE_METHOD_MATCH = YES;
				COPY_PHASE_STRIP = NO;
				DEBUG_INFORMATION_FORMAT = "dwarf-with-dsym";
				ENABLE_NS_ASSERTIONS = NO;
				ENABLE_STRICT_OBJC_MSGSEND = YES;
				GCC_C_LANGUAGE_STANDARD = gnu11;
				GCC_NO_COMMON_BLOCKS = YES;
				GCC_WARN_64_TO_32_BIT_CONVERSION = YES;
				GCC_WARN_ABOUT_RETURN_TYPE = YES_ERROR;
				GCC_WARN_UNDECLARED_SELECTOR = YES;
				GCC_WARN_UNINITIALIZED_AUTOS = YES_AGGRESSIVE;
				GCC_WARN_UNUSED_FUNCTION = YES;
				GCC_WARN_UNUSED_VARIABLE = YES;
				IPHONEOS_DEPLOYMENT_TARGET = 16.2;
				MTL_ENABLE_DEBUG_INFO = NO;
				MTL_FAST_MATH = YES;
				SDKROOT = iphoneos;
				SWIFT_COMPILATION_MODE = wholemodule;
				SWIFT_OPTIMIZATION_LEVEL = "-O";
				VALIDATE_PRODUCT = YES;
			};
			name = Release;
		};
		B5C2F12D2DE16DE300866644 /* Debug */ = {
			isa = XCBuildConfiguration;
			buildSettings = {
				ASSETCATALOG_COMPILER_APPICON_NAME = AppIcon;
				ASSETCATALOG_COMPILER_GLOBAL_ACCENT_COLOR_NAME = AccentColor;
				CODE_SIGN_STYLE = Automatic;
				CURRENT_PROJECT_VERSION = 1;
				GENERATE_INFOPLIST_FILE = YES;
				INFOPLIST_FILE = BMICaculator/Info.plist;
				INFOPLIST_KEY_UIApplicationSupportsIndirectInputEvents = YES;
				INFOPLIST_KEY_UILaunchStoryboardName = LaunchScreen;
				INFOPLIST_KEY_UIMainStoryboardFile = Main;
				INFOPLIST_KEY_UISupportedInterfaceOrientations_iPad = "UIInterfaceOrientationPortrait UIInterfaceOrientationPortraitUpsideDown UIInterfaceOrientationLandscapeLeft UIInterfaceOrientationLandscapeRight";
				INFOPLIST_KEY_UISupportedInterfaceOrientations_iPhone = "UIInterfaceOrientationPortrait UIInterfaceOrientationLandscapeLeft UIInterfaceOrientationLandscapeRight";
				LD_RUNPATH_SEARCH_PATHS = (
					"$(inherited)",
					"@executable_path/Frameworks",
				);
				MARKETING_VERSION = 1.0;
				PRODUCT_BUNDLE_IDENTIFIER = tw.com.deepthought.demo.BMICaculator;
				PRODUCT_NAME = "$(TARGET_NAME)";
				SWIFT_EMIT_LOC_STRINGS = YES;
				SWIFT_VERSION = 5.0;
				TARGETED_DEVICE_FAMILY = "1,2";
			};
			name = Debug;
		};
		B5C2F12E2DE16DE300866644 /* Release */ = {
			isa = XCBuildConfiguration;
			buildSettings = {
				ASSETCATALOG_COMPILER_APPICON_NAME = AppIcon;
				ASSETCATALOG_COMPILER_GLOBAL_ACCENT_COLOR_NAME = AccentColor;
				CODE_SIGN_STYLE = Automatic;
				CURRENT_PROJECT_VERSION = 1;
				GENERATE_INFOPLIST_FILE = YES;
				INFOPLIST_FILE = BMICaculator/Info.plist;
				INFOPLIST_KEY_UIApplicationSupportsIndirectInputEvents = YES;
				INFOPLIST_KEY_UILaunchStoryboardName = LaunchScreen;
				INFOPLIST_KEY_UIMainStoryboardFile = Main;
				INFOPLIST_KEY_UISupportedInterfaceOrientations_iPad = "UIInterfaceOrientationPortrait UIInterfaceOrientationPortraitUpsideDown UIInterfaceOrientationLandscapeLeft UIInterfaceOrientationLandscapeRight";
				INFOPLIST_KEY_UISupportedInterfaceOrientations_iPhone = "UIInterfaceOrientationPortrait UIInterfaceOrientationLandscapeLeft UIInterfaceOrientationLandscapeRight";
				LD_RUNPATH_SEARCH_PATHS = (
					"$(inherited)",
					"@executable_path/Frameworks",
				);
				MARKETING_VERSION = 1.0;
				PRODUCT_BUNDLE_IDENTIFIER = tw.com.deepthought.demo.BMICaculator;
				PRODUCT_NAME = "$(TARGET_NAME)";
				SWIFT_EMIT_LOC_STRINGS = YES;
				SWIFT_VERSION = 5.0;
				TARGETED_DEVICE_FAMILY = "1,2";
			};
			name = Release;
		};
		B5C2F1302DE16DE300866644 /* Debug */ = {
			isa = XCBuildConfiguration;
			buildSettings = {
				ALWAYS_EMBED_SWIFT_STANDARD_LIBRARIES = YES;
				BUNDLE_LOADER = "$(TEST_HOST)";
				CODE_SIGN_STYLE = Automatic;
				CURRENT_PROJECT_VERSION = 1;
				GENERATE_INFOPLIST_FILE = YES;
				IPHONEOS_DEPLOYMENT_TARGET = 16.2;
				MARKETING_VERSION = 1.0;
				PRODUCT_BUNDLE_IDENTIFIER = tw.com.deepthought.demo.BMICaculatorTests;
				PRODUCT_NAME = "$(TARGET_NAME)";
				SWIFT_EMIT_LOC_STRINGS = NO;
				SWIFT_VERSION = 5.0;
				TARGETED_DEVICE_FAMILY = "1,2";
				TEST_HOST = "$(BUILT_PRODUCTS_DIR)/BMICaculator.app/$(BUNDLE_EXECUTABLE_FOLDER_PATH)/BMICaculator";
			};
			name = Debug;
		};
		B5C2F1312DE16DE300866644 /* Release */ = {
			isa = XCBuildConfiguration;
			buildSettings = {
				ALWAYS_EMBED_SWIFT_STANDARD_LIBRARIES = YES;
				BUNDLE_LOADER = "$(TEST_HOST)";
				CODE_SIGN_STYLE = Automatic;
				CURRENT_PROJECT_VERSION = 1;
				GENERATE_INFOPLIST_FILE = YES;
				IPHONEOS_DEPLOYMENT_TARGET = 16.2;
				MARKETING_VERSION = 1.0;
				PRODUCT_BUNDLE_IDENTIFIER = tw.com.deepthought.demo.BMICaculatorTests;
				PRODUCT_NAME = "$(TARGET_NAME)";
				SWIFT_EMIT_LOC_STRINGS = NO;
				SWIFT_VERSION = 5.0;
				TARGETED_DEVICE_FAMILY = "1,2";
				TEST_HOST = "$(BUILT_PRODUCTS_DIR)/BMICaculator.app/$(BUNDLE_EXECUTABLE_FOLDER_PATH)/BMICaculator";
			};
			name = Release;
		};
		B5C2F1332DE16DE300866644 /* Debug */ = {
			isa = XCBuildConfiguration;
			buildSettings = {
				ALWAYS_EMBED_SWIFT_STANDARD_LIBRARIES = YES;
				CODE_SIGN_STYLE = Automatic;
				CURRENT_PROJECT_VERSION = 1;
				GENERATE_INFOPLIST_FILE = YES;
				MARKETING_VERSION = 1.0;
				PRODUCT_BUNDLE_IDENTIFIER = tw.com.deepthought.demo.BMICaculatorUITests;
				PRODUCT_NAME = "$(TARGET_NAME)";
				SWIFT_EMIT_LOC_STRINGS = NO;
				SWIFT_VERSION = 5.0;
				TARGETED_DEVICE_FAMILY = "1,2";
				TEST_TARGET_NAME = BMICaculator;
			};
			name = Debug;
		};
		B5C2F1342DE16DE300866644 /* Release */ = {
			isa = XCBuildConfiguration;
			buildSettings = {
				ALWAYS_EMBED_SWIFT_STANDARD_LIBRARIES = YES;
				CODE_SIGN_STYLE = Automatic;
				CURRENT_PROJECT_VERSION = 1;
				GENERATE_INFOPLIST_FILE = YES;
				MARKETING_VERSION = 1.0;
				PRODUCT_BUNDLE_IDENTIFIER = tw.com.deepthought.demo.BMICaculatorUITests;
				PRODUCT_NAME = "$(TARGET_NAME)";
				SWIFT_EMIT_LOC_STRINGS = NO;
				SWIFT_VERSION = 5.0;
				TARGETED_DEVICE_FAMILY = "1,2";
				TEST_TARGET_NAME = BMICaculator;
			};
			name = Release;
		};
/* End XCBuildConfiguration section */

/* Begin XCConfigurationList section */
		B5C2F0FD2DE16DDD00866644 /* Build configuration list for PBXProject "BMICaculator" */ = {
			isa = XCConfigurationList;
			buildConfigurations = (
				B5C2F12A2DE16DE300866644 /* Debug */,
				B5C2F12B2DE16DE300866644 /* Release */,
			);
			defaultConfigurationIsVisible = 0;
			defaultConfigurationName = Release;
		};
		B5C2F12C2DE16DE300866644 /* Build configuration list for PBXNativeTarget "BMICaculator" */ = {
			isa = XCConfigurationList;
			buildConfigurations = (
				B5C2F12D2DE16DE300866644 /* Debug */,
				B5C2F12E2DE16DE300866644 /* Release */,
			);
			defaultConfigurationIsVisible = 0;
			defaultConfigurationName = Release;
		};
		B5C2F12F2DE16DE300866644 /* Build configuration list for PBXNativeTarget "BMICaculatorTests" */ = {
			isa = XCConfigurationList;
			buildConfigurations = (
				B5C2F1302DE16DE300866644 /* Debug */,
				B5C2F1312DE16DE300866644 /* Release */,
			);
			defaultConfigurationIsVisible = 0;
			defaultConfigurationName = Release;
		};
		B5C2F1322DE16DE300866644 /* Build configuration list for PBXNativeTarget "BMICaculatorUITests" */ = {
			isa = XCConfigurationList;
			buildConfigurations = (
				B5C2F1332DE16DE300866644 /* Debug */,
				B5C2F1342DE16DE300866644 /* Release */,
			);
			defaultConfigurationIsVisible = 0;
			defaultConfigurationName = Release;
		};
/* End XCConfigurationList section */
	};
	rootObject = B5C2F0FA2DE16DDD00866644 /* Project object */;
}
